
Microsoft Visual Studio Solution File, Format Version 12.00
# Visual Studio Version 16
VisualStudioVersion = 16.0.30204.135
MinimumVisualStudioVersion = 10.0.40219.1
Project("{9A19103F-16F7-4668-BE54-9A1E7A4F7556}") = "Diverse", "Diverse\Diverse.csproj", "{DE0CFDD2-C02A-4180-AB76-313A597D0AF2}"
EndProject
Global
	GlobalSection(SolutionConfigurationPlatforms) = preSolution
		Debug|Any CPU = Debug|Any CPU
		Release|Any CPU = Release|Any CPU
	EndGlobalSection
	GlobalSection(ProjectConfigurationPlatforms) = postSolution
		{DE0CFDD2-C02A-4180-AB76-313A597D0AF2}.Debug|Any CPU.ActiveCfg = Debug|Any CPU
		{DE0CFDD2-C02A-4180-AB76-313A597D0AF2}.Debug|Any CPU.Build.0 = Debug|Any CPU
		{DE0CFDD2-C02A-4180-AB76-313A597D0AF2}.Release|Any CPU.ActiveCfg = Release|Any CPU
		{DE0CFDD2-C02A-4180-AB76-313A597D0AF2}.Release|Any CPU.Build.0 = Release|Any CPU
	EndGlobalSection
	GlobalSection(SolutionProperties) = preSolution
		HideSolutionNode = FALSE
	EndGlobalSection
	GlobalSection(ExtensibilityGlobals) = postSolution
		SolutionGuid = {B3D3E8AB-AF5F-41FD-93C7-764E9C51647B}
	EndGlobalSection
EndGlobal
